
Microsoft Visual Studio Solution File, Format Version 12.00
# Visual Studio Version 17
VisualStudioVersion = 17.1.32319.34
MinimumVisualStudioVersion = 10.0.40219.1
Project("{9A19103F-16F7-4668-BE54-9A1E7A4F7556}") = "EBAUExercise", "EBAUExercise\EBAUExercise.csproj", "{39157BC0-E827-4C24-8A66-A0CFFF457690}"
EndProject
Project("{54A90642-561A-4BB1-A94E-469ADEE60C69}") = "frontend", "frontend\frontend.esproj", "{38C094BD-CE02-4B70-BDED-FD0F4C911ED7}"
EndProject
Global
	GlobalSection(SolutionConfigurationPlatforms) = preSolution
		Debug|Any CPU = Debug|Any CPU
		Release|Any CPU = Release|Any CPU
	EndGlobalSection
	GlobalSection(ProjectConfigurationPlatforms) = postSolution
		{39157BC0-E827-4C24-8A66-A0CFFF457690}.Debug|Any CPU.ActiveCfg = Debug|Any CPU
		{39157BC0-E827-4C24-8A66-A0CFFF457690}.Debug|Any CPU.Build.0 = Debug|Any CPU
		{39157BC0-E827-4C24-8A66-A0CFFF457690}.Release|Any CPU.ActiveCfg = Release|Any CPU
		{39157BC0-E827-4C24-8A66-A0CFFF457690}.Release|Any CPU.Build.0 = Release|Any CPU
		{38C094BD-CE02-4B70-BDED-FD0F4C911ED7}.Debug|Any CPU.ActiveCfg = Debug|Any CPU
		{38C094BD-CE02-4B70-BDED-FD0F4C911ED7}.Debug|Any CPU.Build.0 = Debug|Any CPU
		{38C094BD-CE02-4B70-BDED-FD0F4C911ED7}.Debug|Any CPU.Deploy.0 = Debug|Any CPU
		{38C094BD-CE02-4B70-BDED-FD0F4C911ED7}.Release|Any CPU.ActiveCfg = Release|Any CPU
		{38C094BD-CE02-4B70-BDED-FD0F4C911ED7}.Release|Any CPU.Build.0 = Release|Any CPU
		{38C094BD-CE02-4B70-BDED-FD0F4C911ED7}.Release|Any CPU.Deploy.0 = Release|Any CPU
	EndGlobalSection
	GlobalSection(SolutionProperties) = preSolution
		HideSolutionNode = FALSE
	EndGlobalSection
	GlobalSection(ExtensibilityGlobals) = postSolution
		SolutionGuid = {12ED86EC-8D29-4705-8BD9-7C3FA14FC9B5}
	EndGlobalSection
EndGlobal
